# THIS IS AN AUTOGENERATED FILE. DO NOT EDIT THIS FILE DIRECTLY.
# yarn lockfile v1


"@vscode/l10n@^0.0.10":
  version "0.0.10"
  resolved "https://registry.yarnpkg.com/@vscode/l10n/-/l10n-0.0.10.tgz#9c513107c690c0dd16e3ec61e453743de15ebdb0"
  integrity sha512-E1OCmDcDWa0Ya7vtSjp/XfHFGqYJfh+YPC1RkATU71fTac+j1JjCcB3qwSzmlKAighx2WxhLlfhS0RwAN++PFQ==

"@vscode/l10n@^0.0.11":
  version "0.0.11"
  resolved "https://registry.yarnpkg.com/@vscode/l10n/-/l10n-0.0.11.tgz#325d7beb2cfb87162bc624d16c4d546de6a73b72"
  integrity sha512-ukOMWnCg1tCvT7WnDfsUKQOFDQGsyR5tNgRpwmqi+5/vzU3ghdDXzvIM4IOPdSb3OeSsBNvmSL8nxIVOqi2WXA==

core-js@^3.20.1:
  version "3.29.1"
  resolved "https://registry.yarnpkg.com/core-js/-/core-js-3.29.1.tgz#40ff3b41588b091aaed19ca1aa5cb111803fa9a6"
  integrity sha512-+jwgnhg6cQxKYIIjGtAHq2nwUOolo9eoFZ4sHfUH09BLXBgxnH4gA0zEd+t+BO2cNB8idaBtZFcFTRjQJRJmAw==

jsonc-parser@^3.2.0:
  version "3.2.0"
  resolved "https://registry.yarnpkg.com/jsonc-parser/-/jsonc-parser-3.2.0.tgz#31ff3f4c2b9793f89c67212627c51c6394f88e76"
  integrity sha512-gfFQZrcTc8CnKXp6Y4/CBT3fTc0OVuDofpre4aEeEpSBPV5X5v4+Vmx+8snU7RLPrNHPKSgLxGo9YuQzz20o+w==

picomatch@^2.3.1:
  version "2.3.1"
  resolved "https://registry.yarnpkg.com/picomatch/-/picomatch-2.3.1.tgz#3ba3833733646d9d3e4995946c1365a67fb07a42"
  integrity sha512-JU3teHTNjmE2VCGFzuY8EXzCDVwEqB2a8fsIvwaStHhAWJEeVd1o1QD80CU6+ZdEXXSLbSsuLwJjkCBWqRQUVA==

regenerator-runtime@^0.13.9:
  version "0.13.11"
  resolved "https://registry.yarnpkg.com/regenerator-runtime/-/regenerator-runtime-0.13.11.tgz#f6dca3e7ceec20590d07ada785636a90cdca17f9"
  integrity sha512-kY1AZVr2Ra+t+piVaJ4gxaFaReZVH40AKNo7UCX6W+dEwBo/2oZJzqfuN1qLq1oL45o56cPaTXELwrTh8Fpggg==

request-light@^0.7.0:
  version "0.7.0"
  resolved "https://registry.yarnpkg.com/request-light/-/request-light-0.7.0.tgz#885628bb2f8040c26401ebf258ec51c4ae98ac2a"
  integrity sha512-lMbBMrDoxgsyO+yB3sDcrDuX85yYt7sS8BfQd11jtbW/z5ZWgLZRcEGLsLoYw7I0WSUGQBs8CC8ScIxkTX1+6Q==

typescript@^4.0.5:
  version "4.9.5"
  resolved "https://registry.yarnpkg.com/typescript/-/typescript-4.9.5.tgz#095979f9bcc0d09da324d58d03ce8f8374cbe65a"
  integrity sha512-1FXk9E2Hm+QzZQ7z+McJiHL4NW1F2EzMu9Nq9i3zAaGqibafqYwCVU6WyWAuyQRRzOlxou8xZSyXLEN8oKj24g==

vscode-css-languageservice@^6.2.3:
  version "6.2.4"
  resolved "https://registry.yarnpkg.com/vscode-css-languageservice/-/vscode-css-languageservice-6.2.4.tgz#d03ca783ad922cb903602ca1478f5161e5e5de54"
  integrity sha512-9UG0s3Ss8rbaaPZL1AkGzdjrGY8F+P+Ne9snsrvD9gxltDGhsn8C2dQpqQewHrMW37OvlqJoI8sUU2AWDb+qNw==
  dependencies:
    "@vscode/l10n" "^0.0.11"
    vscode-languageserver-textdocument "^1.0.8"
    vscode-languageserver-types "^3.17.3"
    vscode-uri "^3.0.7"

vscode-html-languageservice@^5.0.4:
  version "5.0.4"
  resolved "https://registry.yarnpkg.com/vscode-html-languageservice/-/vscode-html-languageservice-5.0.4.tgz#f27a616a4058a2d4d00e4a68e48ad8ba5371aeec"
  integrity sha512-tvrySfpglu4B2rQgWGVO/IL+skvU7kBkQotRlxA7ocSyRXOZUd6GA13XHkxo8LPe07KWjeoBlN1aVGqdfTK4xA==
  dependencies:
    "@vscode/l10n" "^0.0.11"
    vscode-languageserver-textdocument "^1.0.8"
    vscode-languageserver-types "^3.17.2"
    vscode-uri "^3.0.7"

vscode-json-languageservice@^5.1.4:
  version "5.3.2"
  resolved "https://registry.yarnpkg.com/vscode-json-languageservice/-/vscode-json-languageservice-5.3.2.tgz#11e530ba9ec541eaeb421dc274a22efdb5d580ef"
  integrity sha512-5td6olfoNdtyxnNA4uocq7V9jdTJt63o9mGEntQb6cbD2HiObZW2XgbSj6nRaebWwBCiYdWpFklNjm6Wz6Xy1Q==
  dependencies:
    "@vscode/l10n" "^0.0.11"
    jsonc-parser "^3.2.0"
    vscode-languageserver-textdocument "^1.0.8"
    vscode-languageserver-types "^3.17.3"
    vscode-uri "^3.0.7"

vscode-jsonrpc@8.1.0:
  version "8.1.0"
  resolved "https://registry.yarnpkg.com/vscode-jsonrpc/-/vscode-jsonrpc-8.1.0.tgz#cb9989c65e219e18533cc38e767611272d274c94"
  integrity sha512-6TDy/abTQk+zDGYazgbIPc+4JoXdwC8NHU9Pbn4UJP1fehUyZmM4RHp5IthX7A6L5KS30PRui+j+tbbMMMafdw==

vscode-langservers-extracted@4.6.0:
  version "4.6.0"
  resolved "https://registry.yarnpkg.com/vscode-langservers-extracted/-/vscode-langservers-extracted-4.6.0.tgz#414dba06998bf90614772cb742ebd27c124131f0"
  integrity sha512-PoDv5KANylqypzkUZTHTuBT8OZfFxhMwNCQ2vXIG1d3ZB6BrE+z6AZ6aJULxz6ZxhIYeCz4GQKFOHqfBlh7XGw==
  dependencies:
    "@vscode/l10n" "^0.0.11"
    core-js "^3.20.1"
    jsonc-parser "^3.2.0"
    regenerator-runtime "^0.13.9"
    request-light "^0.7.0"
    typescript "^4.0.5"
    vscode-css-languageservice "^6.2.3"
    vscode-html-languageservice "^5.0.4"
    vscode-json-languageservice "^5.1.4"
    vscode-languageserver "^8.1.0-next.6"
    vscode-languageserver-textdocument "^1.0.9"
    vscode-languageserver-types "^3.17.2"
    vscode-markdown-languageservice "^0.3.0-alpha.3"
    vscode-nls "^5.2.0"
    vscode-uri "^3.0.7"

vscode-languageserver-protocol@3.17.3:
  version "3.17.3"
  resolved "https://registry.yarnpkg.com/vscode-languageserver-protocol/-/vscode-languageserver-protocol-3.17.3.tgz#6d0d54da093f0c0ee3060b81612cce0f11060d57"
  integrity sha512-924/h0AqsMtA5yK22GgMtCYiMdCOtWTSGgUOkgEDX+wk2b0x4sAfLiO4NxBxqbiVtz7K7/1/RgVrVI0NClZwqA==
  dependencies:
    vscode-jsonrpc "8.1.0"
    vscode-languageserver-types "3.17.3"

vscode-languageserver-textdocument@^1.0.5, vscode-languageserver-textdocument@^1.0.8:
  version "1.0.8"
  resolved "https://registry.yarnpkg.com/vscode-languageserver-textdocument/-/vscode-languageserver-textdocument-1.0.8.tgz#9eae94509cbd945ea44bca8dcfe4bb0c15bb3ac0"
  integrity sha512-1bonkGqQs5/fxGT5UchTgjGVnfysL0O8v1AYMBjqTbWQTFn721zaPGDYFkOKtfDgFiSgXM3KwaG3FMGfW4Ed9Q==

vscode-languageserver-textdocument@^1.0.9:
  version "1.0.9"
  resolved "https://registry.yarnpkg.com/vscode-languageserver-textdocument/-/vscode-languageserver-textdocument-1.0.9.tgz#c973258b2956bd48d47d6e8769a3e533588aa1e2"
  integrity sha512-NPfHVGFW2/fQEWHspr8x3PXhRgtFbuDZdl7p6ifuN3M7nk2Yjf5POr/NfDBuAiQG88DehDyJ7nGOT+p+edEtbw==

vscode-languageserver-types@3.17.3, vscode-languageserver-types@^3.17.1, vscode-languageserver-types@^3.17.2, vscode-languageserver-types@^3.17.3:
  version "3.17.3"
  resolved "https://registry.yarnpkg.com/vscode-languageserver-types/-/vscode-languageserver-types-3.17.3.tgz#72d05e47b73be93acb84d6e311b5786390f13f64"
  integrity sha512-SYU4z1dL0PyIMd4Vj8YOqFvHu7Hz/enbWtpfnVbJHU4Nd1YNYx8u0ennumc6h48GQNeOLxmwySmnADouT/AuZA==

vscode-languageserver@^8.1.0-next.6:
  version "8.1.0"
  resolved "https://registry.yarnpkg.com/vscode-languageserver/-/vscode-languageserver-8.1.0.tgz#5024253718915d84576ce6662dd46a791498d827"
  integrity sha512-eUt8f1z2N2IEUDBsKaNapkz7jl5QpskN2Y0G01T/ItMxBxw1fJwvtySGB9QMecatne8jFIWJGWI61dWjyTLQsw==
  dependencies:
    vscode-languageserver-protocol "3.17.3"

vscode-markdown-languageservice@^0.3.0-alpha.3:
  version "0.3.0"
  resolved "https://registry.yarnpkg.com/vscode-markdown-languageservice/-/vscode-markdown-languageservice-0.3.0.tgz#4d2ed4aca2921392bfaaf982cc109b0b6a539d9f"
  integrity sha512-+HGaZSsZGHbNdDyjfdkDws9a9oiqUsfnW5AtZQpgcxCavP5Gwom77S4XXzL/uEUUZ5u1K/0VTOhqha7qPcCW5w==
  dependencies:
    "@vscode/l10n" "^0.0.10"
    picomatch "^2.3.1"
    vscode-languageserver-textdocument "^1.0.5"
    vscode-languageserver-types "^3.17.1"
    vscode-uri "^3.0.3"

vscode-nls@^5.2.0:
  version "5.2.0"
  resolved "https://registry.yarnpkg.com/vscode-nls/-/vscode-nls-5.2.0.tgz#3cb6893dd9bd695244d8a024bdf746eea665cc3f"
  integrity sha512-RAaHx7B14ZU04EU31pT+rKz2/zSl7xMsfIZuo8pd+KZO6PXtQmpevpq3vxvWNcrGbdmhM/rr5Uw5Mz+NBfhVng==

vscode-uri@^3.0.3, vscode-uri@^3.0.7:
  version "3.0.7"
  resolved "https://registry.yarnpkg.com/vscode-uri/-/vscode-uri-3.0.7.tgz#6d19fef387ee6b46c479e5fb00870e15e58c1eb8"
  integrity sha512-eOpPHogvorZRobNqJGhapa0JdwaxpjVvyBp0QIUMRMSf8ZAlqOdEquKuRmw9Qwu0qXtJIWqFtMkmvJjUZmMjVA==
